{
  "pins" : [
    {
      "identity" : "imglykit-sp",
      "kind" : "remoteSourceControl",
      "location" : "https://github.com/imgly/imglykit-sp.git",
      "state" : {
        "revision" : "6ad5abbd9a3a2033c90561a16bd26aeb634f0d56",
        "version" : "11.8.0"
      }
    },
    {
      "identity" : "vesdk-ios-build",
      "kind" : "remoteSourceControl",
      "location" : "https://github.com/imgly/vesdk-ios-build.git",
      "state" : {
        "revision" : "b26249c420c460ba84cec885632f1c43f58449a3",
        "version" : "11.8.0"
      }
    }
  ],
  "version" : 2
}
